// !$*UTF8*$!
{
	archiveVersion = 1;
	classes = {
	};
	objectVersion = 50;
	objects = {

/* Begin PBXBuildFile section */
		4664ECF9237EEB7E00A664AB /* AppDelegate.swift in Sources */ = {isa = PBXBuildFile; fileRef = 4664ECF8237EEB7E00A664AB /* AppDelegate.swift */; };
		4664ED03237EEB7E00A664AB /* TestApp.xcdatamodeld in Sources */ = {isa = PBXBuildFile; fileRef = 4664ED01237EEB7E00A664AB /* TestApp.xcdatamodeld */; };
		4664ED05237EEB8000A664AB /* Assets.xcassets in Resources */ = {isa = PBXBuildFile; fileRef = 4664ED04237EEB8000A664AB /* Assets.xcassets */; };
		4664ED08237EEB8000A664AB /* LaunchScreen.storyboard in Resources */ = {isa = PBXBuildFile; fileRef = 4664ED06237EEB8000A664AB /* LaunchScreen.storyboard */; };
		4664ED13237EEB8000A664AB /* TestAppTests.swift in Sources */ = {isa = PBXBuildFile; fileRef = 4664ED12237EEB8000A664AB /* TestAppTests.swift */; };
		4664ED1E237EEB8000A664AB /* TestAppUITests.swift in Sources */ = {isa = PBXBuildFile; fileRef = 4664ED1D237EEB8000A664AB /* TestAppUITests.swift */; };
		4664ED32237EECC700A664AB /* Constants.swift in Sources */ = {isa = PBXBuildFile; fileRef = 4664ED31237EECC700A664AB /* Constants.swift */; };
		4664ED35237EECD500A664AB /* NetworkManager.swift in Sources */ = {isa = PBXBuildFile; fileRef = 4664ED33237EECD200A664AB /* NetworkManager.swift */; };
		4664ED36237EECD500A664AB /* ErrorManager.swift in Sources */ = {isa = PBXBuildFile; fileRef = 4664ED34237EECD500A664AB /* ErrorManager.swift */; };
		4664ED3A237EECF500A664AB /* UIColorExtension.swift in Sources */ = {isa = PBXBuildFile; fileRef = 4664ED38237EECF400A664AB /* UIColorExtension.swift */; };
		4664ED3E237EEEAB00A664AB /* User.swift in Sources */ = {isa = PBXBuildFile; fileRef = 4664ED3D237EEEAB00A664AB /* User.swift */; };
		4664ED40237EEFDD00A664AB /* BaseVC.swift in Sources */ = {isa = PBXBuildFile; fileRef = 4664ED3F237EEFDD00A664AB /* BaseVC.swift */; };
		4664ED44237EF00700A664AB /* MoviesVC.swift in Sources */ = {isa = PBXBuildFile; fileRef = 4664ED43237EF00700A664AB /* MoviesVC.swift */; };
		4664ED46237EF03D00A664AB /* Movie.swift in Sources */ = {isa = PBXBuildFile; fileRef = 4664ED45237EF03D00A664AB /* Movie.swift */; };
		4664ED4B237EF0BD00A664AB /* SnackView.swift in Sources */ = {isa = PBXBuildFile; fileRef = 4664ED49237EF0BD00A664AB /* SnackView.swift */; };
		4664ED4D237F01ED00A664AB /* MovieDetailVC.swift in Sources */ = {isa = PBXBuildFile; fileRef = 4664ED4C237F01ED00A664AB /* MovieDetailVC.swift */; };
		4664ED4F237F033D00A664AB /* loadinganim.json in Resources */ = {isa = PBXBuildFile; fileRef = 4664ED4E237F033D00A664AB /* loadinganim.json */; };
		4664ED52237F039800A664AB /* LoaderView.swift in Sources */ = {isa = PBXBuildFile; fileRef = 4664ED51237F039800A664AB /* LoaderView.swift */; };
		4664ED54237F13EA00A664AB /* CacheManager.swift in Sources */ = {isa = PBXBuildFile; fileRef = 4664ED53237F13EA00A664AB /* CacheManager.swift */; };
		469C80CB238464C600498FB8 /* ViewControllerExtension.swift in Sources */ = {isa = PBXBuildFile; fileRef = 469C80CA238464C600498FB8 /* ViewControllerExtension.swift */; };
		5C4F085E4722918414A6FA53 /* Pods_TestApp.framework in Frameworks */ = {isa = PBXBuildFile; fileRef = 3EBDCED32EF2ABF1522D10A3 /* Pods_TestApp.framework */; };
		67F57691CA5CAE120C8E3417 /* Pods_TestAppUITests.framework in Frameworks */ = {isa = PBXBuildFile; fileRef = 6887316AF213F852AAC2932F /* Pods_TestAppUITests.framework */; };
		E99F00FD1C78A68C33B1B676 /* Pods_TestAppTests.framework in Frameworks */ = {isa = PBXBuildFile; fileRef = D9ACD84D4BA948E85D89498D /* Pods_TestAppTests.framework */; };
/* End PBXBuildFile section */

/* Begin PBXContainerItemProxy section */
		4664ED0F237EEB8000A664AB /* PBXContainerItemProxy */ = {
			isa = PBXContainerItemProxy;
			containerPortal = 4664ECED237EEB7E00A664AB /* Project object */;
			proxyType = 1;
			remoteGlobalIDString = 4664ECF4237EEB7E00A664AB;
			remoteInfo = TestApp;
		};
		4664ED1A237EEB8000A664AB /* PBXContainerItemProxy */ = {
			isa = PBXContainerItemProxy;
			containerPortal = 4664ECED237EEB7E00A664AB /* Project object */;
			proxyType = 1;
			remoteGlobalIDString = 4664ECF4237EEB7E00A664AB;
			remoteInfo = TestApp;
		};
/* End PBXContainerItemProxy section */

/* Begin PBXFileReference section */
		07E578DB79334AF7C276984F /* Pods-TestAppUITests.release.xcconfig */ = {isa = PBXFileReference; includeInIndex = 1; lastKnownFileType = text.xcconfig; name = "Pods-TestAppUITests.release.xcconfig"; path = "Target Support Files/Pods-TestAppUITests/Pods-TestAppUITests.release.xcconfig"; sourceTree = "<group>"; };
		3EBDCED32EF2ABF1522D10A3 /* Pods_TestApp.framework */ = {isa = PBXFileReference; explicitFileType = wrapper.framework; includeInIndex = 0; path = Pods_TestApp.framework; sourceTree = BUILT_PRODUCTS_DIR; };
		4664ECF5237EEB7E00A664AB /* TestApp.app */ = {isa = PBXFileReference; explicitFileType = wrapper.application; includeInIndex = 0; path = TestApp.app; sourceTree = BUILT_PRODUCTS_DIR; };
		4664ECF8237EEB7E00A664AB /* AppDelegate.swift */ = {isa = PBXFileReference; lastKnownFileType = sourcecode.swift; path = AppDelegate.swift; sourceTree = "<group>"; };
		4664ED02237EEB7E00A664AB /* TestApp.xcdatamodel */ = {isa = PBXFileReference; lastKnownFileType = wrapper.xcdatamodel; path = TestApp.xcdatamodel; sourceTree = "<group>"; };
		4664ED04237EEB8000A664AB /* Assets.xcassets */ = {isa = PBXFileReference; lastKnownFileType = folder.assetcatalog; path = Assets.xcassets; sourceTree = "<group>"; };
		4664ED07237EEB8000A664AB /* Base */ = {isa = PBXFileReference; lastKnownFileType = file.storyboard; name = Base; path = Base.lproj/LaunchScreen.storyboard; sourceTree = "<group>"; };
		4664ED09237EEB8000A664AB /* Info.plist */ = {isa = PBXFileReference; lastKnownFileType = text.plist.xml; path = Info.plist; sourceTree = "<group>"; };
		4664ED0E237EEB8000A664AB /* TestAppTests.xctest */ = {isa = PBXFileReference; explicitFileType = wrapper.cfbundle; includeInIndex = 0; path = TestAppTests.xctest; sourceTree = BUILT_PRODUCTS_DIR; };
		4664ED12237EEB8000A664AB /* TestAppTests.swift */ = {isa = PBXFileReference; lastKnownFileType = sourcecode.swift; path = TestAppTests.swift; sourceTree = "<group>"; };
		4664ED14237EEB8000A664AB /* Info.plist */ = {isa = PBXFileReference; lastKnownFileType = text.plist.xml; path = Info.plist; sourceTree = "<group>"; };
		4664ED19237EEB8000A664AB /* TestAppUITests.xctest */ = {isa = PBXFileReference; explicitFileType = wrapper.cfbundle; includeInIndex = 0; path = TestAppUITests.xctest; sourceTree = BUILT_PRODUCTS_DIR; };
		4664ED1D237EEB8000A664AB /* TestAppUITests.swift */ = {isa = PBXFileReference; lastKnownFileType = sourcecode.swift; path = TestAppUITests.swift; sourceTree = "<group>"; };
		4664ED1F237EEB8000A664AB /* Info.plist */ = {isa = PBXFileReference; lastKnownFileType = text.plist.xml; path = Info.plist; sourceTree = "<group>"; };
		4664ED31237EECC700A664AB /* Constants.swift */ = {isa = PBXFileReference; fileEncoding = 4; lastKnownFileType = sourcecode.swift; path = Constants.swift; sourceTree = "<group>"; };
		4664ED33237EECD200A664AB /* NetworkManager.swift */ = {isa = PBXFileReference; fileEncoding = 4; lastKnownFileType = sourcecode.swift; path = NetworkManager.swift; sourceTree = "<group>"; };
		4664ED34237EECD500A664AB /* ErrorManager.swift */ = {isa = PBXFileReference; fileEncoding = 4; lastKnownFileType = sourcecode.swift; path = ErrorManager.swift; sourceTree = "<group>"; };
		4664ED38237EECF400A664AB /* UIColorExtension.swift */ = {isa = PBXFileReference; fileEncoding = 4; lastKnownFileType = sourcecode.swift; path = UIColorExtension.swift; sourceTree = "<group>"; };
		4664ED3D237EEEAB00A664AB /* User.swift */ = {isa = PBXFileReference; fileEncoding = 4; lastKnownFileType = sourcecode.swift; path = User.swift; sourceTree = "<group>"; };
		4664ED3F237EEFDD00A664AB /* BaseVC.swift */ = {isa = PBXFileReference; lastKnownFileType = sourcecode.swift; path = BaseVC.swift; sourceTree = "<group>"; };
		4664ED43237EF00700A664AB /* MoviesVC.swift */ = {isa = PBXFileReference; lastKnownFileType = sourcecode.swift; path = MoviesVC.swift; sourceTree = "<group>"; };
		4664ED45237EF03D00A664AB /* Movie.swift */ = {isa = PBXFileReference; lastKnownFileType = sourcecode.swift; path = Movie.swift; sourceTree = "<group>"; };
		4664ED49237EF0BD00A664AB /* SnackView.swift */ = {isa = PBXFileReference; fileEncoding = 4; lastKnownFileType = sourcecode.swift; path = SnackView.swift; sourceTree = "<group>"; };
		4664ED4C237F01ED00A664AB /* MovieDetailVC.swift */ = {isa = PBXFileReference; lastKnownFileType = sourcecode.swift; path = MovieDetailVC.swift; sourceTree = "<group>"; };
		4664ED4E237F033D00A664AB /* loadinganim.json */ = {isa = PBXFileReference; fileEncoding = 4; lastKnownFileType = text.json; path = loadinganim.json; sourceTree = "<group>"; };
		4664ED51237F039800A664AB /* LoaderView.swift */ = {isa = PBXFileReference; lastKnownFileType = sourcecode.swift; path = LoaderView.swift; sourceTree = "<group>"; };
		4664ED53237F13EA00A664AB /* CacheManager.swift */ = {isa = PBXFileReference; lastKnownFileType = sourcecode.swift; path = CacheManager.swift; sourceTree = "<group>"; };
		469C80CA238464C600498FB8 /* ViewControllerExtension.swift */ = {isa = PBXFileReference; lastKnownFileType = sourcecode.swift; path = ViewControllerExtension.swift; sourceTree = "<group>"; };
		505F758EF67EE4C0179B8F03 /* Pods-TestApp.debug.xcconfig */ = {isa = PBXFileReference; includeInIndex = 1; lastKnownFileType = text.xcconfig; name = "Pods-TestApp.debug.xcconfig"; path = "Target Support Files/Pods-TestApp/Pods-TestApp.debug.xcconfig"; sourceTree = "<group>"; };
		5F3F6130E075B26D647AA857 /* Pods-TestAppTests.release.xcconfig */ = {isa = PBXFileReference; includeInIndex = 1; lastKnownFileType = text.xcconfig; name = "Pods-TestAppTests.release.xcconfig"; path = "Target Support Files/Pods-TestAppTests/Pods-TestAppTests.release.xcconfig"; sourceTree = "<group>"; };
		6887316AF213F852AAC2932F /* Pods_TestAppUITests.framework */ = {isa = PBXFileReference; explicitFileType = wrapper.framework; includeInIndex = 0; path = Pods_TestAppUITests.framework; sourceTree = BUILT_PRODUCTS_DIR; };
		8DC5793763635FE0E810BA28 /* Pods-TestApp.release.xcconfig */ = {isa = PBXFileReference; includeInIndex = 1; lastKnownFileType = text.xcconfig; name = "Pods-TestApp.release.xcconfig"; path = "Target Support Files/Pods-TestApp/Pods-TestApp.release.xcconfig"; sourceTree = "<group>"; };
		8F609BA30D340B91A96D81BD /* Pods-TestAppUITests.debug.xcconfig */ = {isa = PBXFileReference; includeInIndex = 1; lastKnownFileType = text.xcconfig; name = "Pods-TestAppUITests.debug.xcconfig"; path = "Target Support Files/Pods-TestAppUITests/Pods-TestAppUITests.debug.xcconfig"; sourceTree = "<group>"; };
		A7865999278B2D54813A290D /* Pods-TestAppTests.debug.xcconfig */ = {isa = PBXFileReference; includeInIndex = 1; lastKnownFileType = text.xcconfig; name = "Pods-TestAppTests.debug.xcconfig"; path = "Target Support Files/Pods-TestAppTests/Pods-TestAppTests.debug.xcconfig"; sourceTree = "<group>"; };
		D9ACD84D4BA948E85D89498D /* Pods_TestAppTests.framework */ = {isa = PBXFileReference; explicitFileType = wrapper.framework; includeInIndex = 0; path = Pods_TestAppTests.framework; sourceTree = BUILT_PRODUCTS_DIR; };
/* End PBXFileReference section */

/* Begin PBXFrameworksBuildPhase section */
		4664ECF2237EEB7E00A664AB /* Frameworks */ = {
			isa = PBXFrameworksBuildPhase;
			buildActionMask = 2147483647;
			files = (
				5C4F085E4722918414A6FA53 /* Pods_TestApp.framework in Frameworks */,
			);
			runOnlyForDeploymentPostprocessing = 0;
		};
		4664ED0B237EEB8000A664AB /* Frameworks */ = {
			isa = PBXFrameworksBuildPhase;
			buildActionMask = 2147483647;
			files = (
				E99F00FD1C78A68C33B1B676 /* Pods_TestAppTests.framework in Frameworks */,
			);
			runOnlyForDeploymentPostprocessing = 0;
		};
		4664ED16237EEB8000A664AB /* Frameworks */ = {
			isa = PBXFrameworksBuildPhase;
			buildActionMask = 2147483647;
			files = (
				67F57691CA5CAE120C8E3417 /* Pods_TestAppUITests.framework in Frameworks */,
			);
			runOnlyForDeploymentPostprocessing = 0;
		};
/* End PBXFrameworksBuildPhase section */

/* Begin PBXGroup section */
		4664ECEC237EEB7E00A664AB = {
			isa = PBXGroup;
			children = (
				4664ECF7237EEB7E00A664AB /* TestApp */,
				4664ED11237EEB8000A664AB /* TestAppTests */,
				4664ED1C237EEB8000A664AB /* TestAppUITests */,
				4664ECF6237EEB7E00A664AB /* Products */,
				AF0F43B6A081D1F8DAE31EC0 /* Pods */,
				48986EA617634B7A49A9F684 /* Frameworks */,
			);
			sourceTree = "<group>";
		};
		4664ECF6237EEB7E00A664AB /* Products */ = {
			isa = PBXGroup;
			children = (
				4664ECF5237EEB7E00A664AB /* TestApp.app */,
				4664ED0E237EEB8000A664AB /* TestAppTests.xctest */,
				4664ED19237EEB8000A664AB /* TestAppUITests.xctest */,
			);
			name = Products;
			sourceTree = "<group>";
		};
		4664ECF7237EEB7E00A664AB /* TestApp */ = {
			isa = PBXGroup;
			children = (
				4664ED01237EEB7E00A664AB /* TestApp.xcdatamodeld */,
				4664ED09237EEB8000A664AB /* Info.plist */,
				4664ECF8237EEB7E00A664AB /* AppDelegate.swift */,
				4664ED50237F034700A664AB /* Assets */,
				4664ED47237EF0AA00A664AB /* Views */,
				4664ED3C237EEEA200A664AB /* Models */,
				4664ED2B237EEC6900A664AB /* Controllers */,
				4664ED37237EECE700A664AB /* Extensions */,
				4664ED2E237EEC9000A664AB /* Preferences */,
				4664ED2D237EEC8B00A664AB /* Util */,
				4664ED2C237EEC7E00A664AB /* Network */,
			);
			path = TestApp;
			sourceTree = "<group>";
		};
		4664ED11237EEB8000A664AB /* TestAppTests */ = {
			isa = PBXGroup;
			children = (
				4664ED12237EEB8000A664AB /* TestAppTests.swift */,
				4664ED14237EEB8000A664AB /* Info.plist */,
			);
			path = TestAppTests;
			sourceTree = "<group>";
		};
		4664ED1C237EEB8000A664AB /* TestAppUITests */ = {
			isa = PBXGroup;
			children = (
				4664ED1D237EEB8000A664AB /* TestAppUITests.swift */,
				4664ED1F237EEB8000A664AB /* Info.plist */,
			);
			path = TestAppUITests;
			sourceTree = "<group>";
		};
		4664ED2B237EEC6900A664AB /* Controllers */ = {
			isa = PBXGroup;
			children = (
				4664ED3F237EEFDD00A664AB /* BaseVC.swift */,
				4664ED43237EF00700A664AB /* MoviesVC.swift */,
				4664ED4C237F01ED00A664AB /* MovieDetailVC.swift */,
			);
			path = Controllers;
			sourceTree = "<group>";
		};
		4664ED2C237EEC7E00A664AB /* Network */ = {
			isa = PBXGroup;
			children = (
				4664ED34237EECD500A664AB /* ErrorManager.swift */,
				4664ED33237EECD200A664AB /* NetworkManager.swift */,
			);
			path = Network;
			sourceTree = "<group>";
		};
		4664ED2D237EEC8B00A664AB /* Util */ = {
			isa = PBXGroup;
			children = (
				4664ED31237EECC700A664AB /* Constants.swift */,
			);
			path = Util;
			sourceTree = "<group>";
		};
		4664ED2E237EEC9000A664AB /* Preferences */ = {
			isa = PBXGroup;
			children = (
				4664ED53237F13EA00A664AB /* CacheManager.swift */,
			);
			path = Preferences;
			sourceTree = "<group>";
		};
		4664ED37237EECE700A664AB /* Extensions */ = {
			isa = PBXGroup;
			children = (
				4664ED38237EECF400A664AB /* UIColorExtension.swift */,
				469C80CA238464C600498FB8 /* ViewControllerExtension.swift */,
			);
			path = Extensions;
			sourceTree = "<group>";
		};
		4664ED3C237EEEA200A664AB /* Models */ = {
			isa = PBXGroup;
			children = (
				4664ED3D237EEEAB00A664AB /* User.swift */,
				4664ED45237EF03D00A664AB /* Movie.swift */,
			);
			path = Models;
			sourceTree = "<group>";
		};
		4664ED47237EF0AA00A664AB /* Views */ = {
			isa = PBXGroup;
			children = (
				4664ED49237EF0BD00A664AB /* SnackView.swift */,
				4664ED51237F039800A664AB /* LoaderView.swift */,
			);
			path = Views;
			sourceTree = "<group>";
		};
		4664ED50237F034700A664AB /* Assets */ = {
			isa = PBXGroup;
			children = (
				4664ED4E237F033D00A664AB /* loadinganim.json */,
				4664ED04237EEB8000A664AB /* Assets.xcassets */,
				4664ED06237EEB8000A664AB /* LaunchScreen.storyboard */,
			);
			path = Assets;
			sourceTree = "<group>";
		};
		48986EA617634B7A49A9F684 /* Frameworks */ = {
			isa = PBXGroup;
			children = (
				3EBDCED32EF2ABF1522D10A3 /* Pods_TestApp.framework */,
				D9ACD84D4BA948E85D89498D /* Pods_TestAppTests.framework */,
				6887316AF213F852AAC2932F /* Pods_TestAppUITests.framework */,
			);
			name = Frameworks;
			sourceTree = "<group>";
		};
		AF0F43B6A081D1F8DAE31EC0 /* Pods */ = {
			isa = PBXGroup;
			children = (
				505F758EF67EE4C0179B8F03 /* Pods-TestApp.debug.xcconfig */,
				8DC5793763635FE0E810BA28 /* Pods-TestApp.release.xcconfig */,
				A7865999278B2D54813A290D /* Pods-TestAppTests.debug.xcconfig */,
				5F3F6130E075B26D647AA857 /* Pods-TestAppTests.release.xcconfig */,
				8F609BA30D340B91A96D81BD /* Pods-TestAppUITests.debug.xcconfig */,
				07E578DB79334AF7C276984F /* Pods-TestAppUITests.release.xcconfig */,
			);
			path = Pods;
			sourceTree = "<group>";
		};
/* End PBXGroup section */

/* Begin PBXNativeTarget section */
		4664ECF4237EEB7E00A664AB /* TestApp */ = {
			isa = PBXNativeTarget;
			buildConfigurationList = 4664ED22237EEB8000A664AB /* Build configuration list for PBXNativeTarget "TestApp" */;
			buildPhases = (
				DE509C362D4FAA1B04286D2A /* [CP] Check Pods Manifest.lock */,
				4664ECF1237EEB7E00A664AB /* Sources */,
				4664ECF2237EEB7E00A664AB /* Frameworks */,
				4664ECF3237EEB7E00A664AB /* Resources */,
				1D4B05BD8A7351868EBA9818 /* [CP] Embed Pods Frameworks */,
			);
			buildRules = (
			);
			dependencies = (
			);
			name = TestApp;
			productName = TestApp;
			productReference = 4664ECF5237EEB7E00A664AB /* TestApp.app */;
			productType = "com.apple.product-type.application";
		};
		4664ED0D237EEB8000A664AB /* TestAppTests */ = {
			isa = PBXNativeTarget;
			buildConfigurationList = 4664ED25237EEB8000A664AB /* Build configuration list for PBXNativeTarget "TestAppTests" */;
			buildPhases = (
				894B81DD0A15BD8A0D90F3C8 /* [CP] Check Pods Manifest.lock */,
				4664ED0A237EEB8000A664AB /* Sources */,
				4664ED0B237EEB8000A664AB /* Frameworks */,
				4664ED0C237EEB8000A664AB /* Resources */,
			);
			buildRules = (
			);
			dependencies = (
				4664ED10237EEB8000A664AB /* PBXTargetDependency */,
			);
			name = TestAppTests;
			productName = TestAppTests;
			productReference = 4664ED0E237EEB8000A664AB /* TestAppTests.xctest */;
			productType = "com.apple.product-type.bundle.unit-test";
		};
		4664ED18237EEB8000A664AB /* TestAppUITests */ = {
			isa = PBXNativeTarget;
			buildConfigurationList = 4664ED28237EEB8000A664AB /* Build configuration list for PBXNativeTarget "TestAppUITests" */;
			buildPhases = (
				876A261822E59CD72858B1CD /* [CP] Check Pods Manifest.lock */,
				4664ED15237EEB8000A664AB /* Sources */,
				4664ED16237EEB8000A664AB /* Frameworks */,
				4664ED17237EEB8000A664AB /* Resources */,
			);
			buildRules = (
			);
			dependencies = (
				4664ED1B237EEB8000A664AB /* PBXTargetDependency */,
			);
			name = TestAppUITests;
			productName = TestAppUITests;
			productReference = 4664ED19237EEB8000A664AB /* TestAppUITests.xctest */;
			productType = "com.apple.product-type.bundle.ui-testing";
		};
/* End PBXNativeTarget section */

/* Begin PBXProject section */
		4664ECED237EEB7E00A664AB /* Project object */ = {
			isa = PBXProject;
			attributes = {
				LastSwiftUpdateCheck = 1110;
				LastUpgradeCheck = 1110;
				ORGANIZATIONNAME = code3e;
				TargetAttributes = {
					4664ECF4237EEB7E00A664AB = {
						CreatedOnToolsVersion = 11.1;
					};
					4664ED0D237EEB8000A664AB = {
						CreatedOnToolsVersion = 11.1;
						TestTargetID = 4664ECF4237EEB7E00A664AB;
					};
					4664ED18237EEB8000A664AB = {
						CreatedOnToolsVersion = 11.1;
						TestTargetID = 4664ECF4237EEB7E00A664AB;
					};
				};
			};
			buildConfigurationList = 4664ECF0237EEB7E00A664AB /* Build configuration list for PBXProject "TestApp" */;
			compatibilityVersion = "Xcode 9.3";
			developmentRegion = en;
			hasScannedForEncodings = 0;
			knownRegions = (
				en,
				Base,
			);
			mainGroup = 4664ECEC237EEB7E00A664AB;
			productRefGroup = 4664ECF6237EEB7E00A664AB /* Products */;
			projectDirPath = "";
			projectRoot = "";
			targets = (
				4664ECF4237EEB7E00A664AB /* TestApp */,
				4664ED0D237EEB8000A664AB /* TestAppTests */,
				4664ED18237EEB8000A664AB /* TestAppUITests */,
			);
		};
/* End PBXProject section */

/* Begin PBXResourcesBuildPhase section */
		4664ECF3237EEB7E00A664AB /* Resources */ = {
			isa = PBXResourcesBuildPhase;
			buildActionMask = 2147483647;
			files = (
				4664ED4F237F033D00A664AB /* loadinganim.json in Resources */,
				4664ED08237EEB8000A664AB /* LaunchScreen.storyboard in Resources */,
				4664ED05237EEB8000A664AB /* Assets.xcassets in Resources */,
			);
			runOnlyForDeploymentPostprocessing = 0;
		};
		4664ED0C237EEB8000A664AB /* Resources */ = {
			isa = PBXResourcesBuildPhase;
			buildActionMask = 2147483647;
			files = (
			);
			runOnlyForDeploymentPostprocessing = 0;
		};
		4664ED17237EEB8000A664AB /* Resources */ = {
			isa = PBXResourcesBuildPhase;
			buildActionMask = 2147483647;
			files = (
			);
			runOnlyForDeploymentPostprocessing = 0;
		};
/* End PBXResourcesBuildPhase section */

/* Begin PBXShellScriptBuildPhase section */
		1D4B05BD8A7351868EBA9818 /* [CP] Embed Pods Frameworks */ = {
			isa = PBXShellScriptBuildPhase;
			buildActionMask = 2147483647;
			files = (
			);
			inputFileListPaths = (
			);
			inputPaths = (
				"${PODS_ROOT}/Target Support Files/Pods-TestApp/Pods-TestApp-frameworks.sh",
				"${BUILT_PRODUCTS_DIR}/ReachabilitySwift/Reachability.framework",
				"${BUILT_PRODUCTS_DIR}/SDWebImage/SDWebImage.framework",
				"${BUILT_PRODUCTS_DIR}/lottie-ios/Lottie.framework",
			);
			name = "[CP] Embed Pods Frameworks";
			outputFileListPaths = (
			);
			outputPaths = (
				"${TARGET_BUILD_DIR}/${FRAMEWORKS_FOLDER_PATH}/Reachability.framework",
				"${TARGET_BUILD_DIR}/${FRAMEWORKS_FOLDER_PATH}/SDWebImage.framework",
				"${TARGET_BUILD_DIR}/${FRAMEWORKS_FOLDER_PATH}/Lottie.framework",
			);
			runOnlyForDeploymentPostprocessing = 0;
			shellPath = /bin/sh;
			shellScript = "\"${PODS_ROOT}/Target Support Files/Pods-TestApp/Pods-TestApp-frameworks.sh\"\n";
			showEnvVarsInLog = 0;
		};
		876A261822E59CD72858B1CD /* [CP] Check Pods Manifest.lock */ = {
			isa = PBXShellScriptBuildPhase;
			buildActionMask = 2147483647;
			files = (
			);
			inputFileListPaths = (
			);
			inputPaths = (
				"${PODS_PODFILE_DIR_PATH}/Podfile.lock",
				"${PODS_ROOT}/Manifest.lock",
			);
			name = "[CP] Check Pods Manifest.lock";
			outputFileListPaths = (
			);
			outputPaths = (
				"$(DERIVED_FILE_DIR)/Pods-TestAppUITests-checkManifestLockResult.txt",
			);
			runOnlyForDeploymentPostprocessing = 0;
			shellPath = /bin/sh;
			shellScript = "diff \"${PODS_PODFILE_DIR_PATH}/Podfile.lock\" \"${PODS_ROOT}/Manifest.lock\" > /dev/null\nif [ $? != 0 ] ; then\n    # print error to STDERR\n    echo \"error: The sandbox is not in sync with the Podfile.lock. Run 'pod install' or update your CocoaPods installation.\" >&2\n    exit 1\nfi\n# This output is used by Xcode 'outputs' to avoid re-running this script phase.\necho \"SUCCESS\" > \"${SCRIPT_OUTPUT_FILE_0}\"\n";
			showEnvVarsInLog = 0;
		};
		894B81DD0A15BD8A0D90F3C8 /* [CP] Check Pods Manifest.lock */ = {
			isa = PBXShellScriptBuildPhase;
			buildActionMask = 2147483647;
			files = (
			);
			inputFileListPaths = (
			);
			inputPaths = (
				"${PODS_PODFILE_DIR_PATH}/Podfile.lock",
				"${PODS_ROOT}/Manifest.lock",
			);
			name = "[CP] Check Pods Manifest.lock";
			outputFileListPaths = (
			);
			outputPaths = (
				"$(DERIVED_FILE_DIR)/Pods-TestAppTests-checkManifestLockResult.txt",
			);
			runOnlyForDeploymentPostprocessing = 0;
			shellPath = /bin/sh;
			shellScript = "diff \"${PODS_PODFILE_DIR_PATH}/Podfile.lock\" \"${PODS_ROOT}/Manifest.lock\" > /dev/null\nif [ $? != 0 ] ; then\n    # print error to STDERR\n    echo \"error: The sandbox is not in sync with the Podfile.lock. Run 'pod install' or update your CocoaPods installation.\" >&2\n    exit 1\nfi\n# This output is used by Xcode 'outputs' to avoid re-running this script phase.\necho \"SUCCESS\" > \"${SCRIPT_OUTPUT_FILE_0}\"\n";
			showEnvVarsInLog = 0;
		};
		DE509C362D4FAA1B04286D2A /* [CP] Check Pods Manifest.lock */ = {
			isa = PBXShellScriptBuildPhase;
			buildActionMask = 2147483647;
			files = (
			);
			inputFileListPaths = (
			);
			inputPaths = (
				"${PODS_PODFILE_DIR_PATH}/Podfile.lock",
				"${PODS_ROOT}/Manifest.lock",
			);
			name = "[CP] Check Pods Manifest.lock";
			outputFileListPaths = (
			);
			outputPaths = (
				"$(DERIVED_FILE_DIR)/Pods-TestApp-checkManifestLockResult.txt",
			);
			runOnlyForDeploymentPostprocessing = 0;
			shellPath = /bin/sh;
			shellScript = "diff \"${PODS_PODFILE_DIR_PATH}/Podfile.lock\" \"${PODS_ROOT}/Manifest.lock\" > /dev/null\nif [ $? != 0 ] ; then\n    # print error to STDERR\n    echo \"error: The sandbox is not in sync with the Podfile.lock. Run 'pod install' or update your CocoaPods installation.\" >&2\n    exit 1\nfi\n# This output is used by Xcode 'outputs' to avoid re-running this script phase.\necho \"SUCCESS\" > \"${SCRIPT_OUTPUT_FILE_0}\"\n";
			showEnvVarsInLog = 0;
		};
/* End PBXShellScriptBuildPhase section */

/* Begin PBXSourcesBuildPhase section */
		4664ECF1237EEB7E00A664AB /* Sources */ = {
			isa = PBXSourcesBuildPhase;
			buildActionMask = 2147483647;
			files = (
				4664ED35237EECD500A664AB /* NetworkManager.swift in Sources */,
				4664ED4D237F01ED00A664AB /* MovieDetailVC.swift in Sources */,
				4664ED52237F039800A664AB /* LoaderView.swift in Sources */,
				4664ED32237EECC700A664AB /* Constants.swift in Sources */,
				4664ED36237EECD500A664AB /* ErrorManager.swift in Sources */,
				4664ED3A237EECF500A664AB /* UIColorExtension.swift in Sources */,
				4664ED44237EF00700A664AB /* MoviesVC.swift in Sources */,
				4664ED3E237EEEAB00A664AB /* User.swift in Sources */,
				4664ED4B237EF0BD00A664AB /* SnackView.swift in Sources */,
				4664ED46237EF03D00A664AB /* Movie.swift in Sources */,
				4664ED03237EEB7E00A664AB /* TestApp.xcdatamodeld in Sources */,
				4664ECF9237EEB7E00A664AB /* AppDelegate.swift in Sources */,
				469C80CB238464C600498FB8 /* ViewControllerExtension.swift in Sources */,
				4664ED54237F13EA00A664AB /* CacheManager.swift in Sources */,
				4664ED40237EEFDD00A664AB /* BaseVC.swift in Sources */,
			);
			runOnlyForDeploymentPostprocessing = 0;
		};
		4664ED0A237EEB8000A664AB /* Sources */ = {
			isa = PBXSourcesBuildPhase;
			buildActionMask = 2147483647;
			files = (
				4664ED13237EEB8000A664AB /* TestAppTests.swift in Sources */,
			);
			runOnlyForDeploymentPostprocessing = 0;
		};
		4664ED15237EEB8000A664AB /* Sources */ = {
			isa = PBXSourcesBuildPhase;
			buildActionMask = 2147483647;
			files = (
				4664ED1E237EEB8000A664AB /* TestAppUITests.swift in Sources */,
			);
			runOnlyForDeploymentPostprocessing = 0;
		};
/* End PBXSourcesBuildPhase section */

/* Begin PBXTargetDependency section */
		4664ED10237EEB8000A664AB /* PBXTargetDependency */ = {
			isa = PBXTargetDependency;
			target = 4664ECF4237EEB7E00A664AB /* TestApp */;
			targetProxy = 4664ED0F237EEB8000A664AB /* PBXContainerItemProxy */;
		};
		4664ED1B237EEB8000A664AB /* PBXTargetDependency */ = {
			isa = PBXTargetDependency;
			target = 4664ECF4237EEB7E00A664AB /* TestApp */;
			targetProxy = 4664ED1A237EEB8000A664AB /* PBXContainerItemProxy */;
		};
/* End PBXTargetDependency section */

/* Begin PBXVariantGroup section */
		4664ED06237EEB8000A664AB /* LaunchScreen.storyboard */ = {
			isa = PBXVariantGroup;
			children = (
				4664ED07237EEB8000A664AB /* Base */,
			);
			name = LaunchScreen.storyboard;
			sourceTree = "<group>";
		};
/* End PBXVariantGroup section */

/* Begin XCBuildConfiguration section */
		4664ED20237EEB8000A664AB /* Debug */ = {
			isa = XCBuildConfiguration;
			buildSettings = {
				ALWAYS_SEARCH_USER_PATHS = NO;
				CLANG_ANALYZER_NONNULL = YES;
				CLANG_ANALYZER_NUMBER_OBJECT_CONVERSION = YES_AGGRESSIVE;
				CLANG_CXX_LANGUAGE_STANDARD = "gnu++14";
				CLANG_CXX_LIBRARY = "libc++";
				CLANG_ENABLE_MODULES = YES;
				CLANG_ENABLE_OBJC_ARC = YES;
				CLANG_ENABLE_OBJC_WEAK = YES;
				CLANG_WARN_BLOCK_CAPTURE_AUTORELEASING = YES;
				CLANG_WARN_BOOL_CONVERSION = YES;
				CLANG_WARN_COMMA = YES;
				CLANG_WARN_CONSTANT_CONVERSION = YES;
				CLANG_WARN_DEPRECATED_OBJC_IMPLEMENTATIONS = YES;
				CLANG_WARN_DIRECT_OBJC_ISA_USAGE = YES_ERROR;
				CLANG_WARN_DOCUMENTATION_COMMENTS = YES;
				CLANG_WARN_EMPTY_BODY = YES;
				CLANG_WARN_ENUM_CONVERSION = YES;
				CLANG_WARN_INFINITE_RECURSION = YES;
				CLANG_WARN_INT_CONVERSION = YES;
				CLANG_WARN_NON_LITERAL_NULL_CONVERSION = YES;
				CLANG_WARN_OBJC_IMPLICIT_RETAIN_SELF = YES;
				CLANG_WARN_OBJC_LITERAL_CONVERSION = YES;
				CLANG_WARN_OBJC_ROOT_CLASS = YES_ERROR;
				CLANG_WARN_RANGE_LOOP_ANALYSIS = YES;
				CLANG_WARN_STRICT_PROTOTYPES = YES;
				CLANG_WARN_SUSPICIOUS_MOVE = YES;
				CLANG_WARN_UNGUARDED_AVAILABILITY = YES_AGGRESSIVE;
				CLANG_WARN_UNREACHABLE_CODE = YES;
				CLANG_WARN__DUPLICATE_METHOD_MATCH = YES;
				COPY_PHASE_STRIP = NO;
				DEBUG_INFORMATION_FORMAT = dwarf;
				ENABLE_STRICT_OBJC_MSGSEND = YES;
				ENABLE_TESTABILITY = YES;
				GCC_C_LANGUAGE_STANDARD = gnu11;
				GCC_DYNAMIC_NO_PIC = NO;
				GCC_NO_COMMON_BLOCKS = YES;
				GCC_OPTIMIZATION_LEVEL = 0;
				GCC_PREPROCESSOR_DEFINITIONS = (
					"DEBUG=1",
					"$(inherited)",
				);
				GCC_WARN_64_TO_32_BIT_CONVERSION = YES;
				GCC_WARN_ABOUT_RETURN_TYPE = YES_ERROR;
				GCC_WARN_UNDECLARED_SELECTOR = YES;
				GCC_WARN_UNINITIALIZED_AUTOS = YES_AGGRESSIVE;
				GCC_WARN_UNUSED_FUNCTION = YES;
				GCC_WARN_UNUSED_VARIABLE = YES;
				IPHONEOS_DEPLOYMENT_TARGET = 13.1;
				MTL_ENABLE_DEBUG_INFO = INCLUDE_SOURCE;
				MTL_FAST_MATH = YES;
				ONLY_ACTIVE_ARCH = YES;
				SDKROOT = iphoneos;
				SWIFT_ACTIVE_COMPILATION_CONDITIONS = DEBUG;
				SWIFT_OPTIMIZATION_LEVEL = "-Onone";
			};
			name = Debug;
		};
		4664ED21237EEB8000A664AB /* Release */ = {
			isa = XCBuildConfiguration;
			buildSettings = {
				ALWAYS_SEARCH_USER_PATHS = NO;
				CLANG_ANALYZER_NONNULL = YES;
				CLANG_ANALYZER_NUMBER_OBJECT_CONVERSION = YES_AGGRESSIVE;
				CLANG_CXX_LANGUAGE_STANDARD = "gnu++14";
				CLANG_CXX_LIBRARY = "libc++";
				CLANG_ENABLE_MODULES = YES;
				CLANG_ENABLE_OBJC_ARC = YES;
				CLANG_ENABLE_OBJC_WEAK = YES;
				CLANG_WARN_BLOCK_CAPTURE_AUTORELEASING = YES;
				CLANG_WARN_BOOL_CONVERSION = YES;
				CLANG_WARN_COMMA = YES;
				CLANG_WARN_CONSTANT_CONVERSION = YES;
				CLANG_WARN_DEPRECATED_OBJC_IMPLEMENTATIONS = YES;
				CLANG_WARN_DIRECT_OBJC_ISA_USAGE = YES_ERROR;
				CLANG_WARN_DOCUMENTATION_COMMENTS = YES;
				CLANG_WARN_EMPTY_BODY = YES;
				CLANG_WARN_ENUM_CONVERSION = YES;
				CLANG_WARN_INFINITE_RECURSION = YES;
				CLANG_WARN_INT_CONVERSION = YES;
				CLANG_WARN_NON_LITERAL_NULL_CONVERSION = YES;
				CLANG_WARN_OBJC_IMPLICIT_RETAIN_SELF = YES;
				CLANG_WARN_OBJC_LITERAL_CONVERSION = YES;
				CLANG_WARN_OBJC_ROOT_CLASS = YES_ERROR;
				CLANG_WARN_RANGE_LOOP_ANALYSIS = YES;
				CLANG_WARN_STRICT_PROTOTYPES = YES;
				CLANG_WARN_SUSPICIOUS_MOVE = YES;
				CLANG_WARN_UNGUARDED_AVAILABILITY = YES_AGGRESSIVE;
				CLANG_WARN_UNREACHABLE_CODE = YES;
				CLANG_WARN__DUPLICATE_METHOD_MATCH = YES;
				COPY_PHASE_STRIP = NO;
				DEBUG_INFORMATION_FORMAT = "dwarf-with-dsym";
				ENABLE_NS_ASSERTIONS = NO;
				ENABLE_STRICT_OBJC_MSGSEND = YES;
				GCC_C_LANGUAGE_STANDARD = gnu11;
				GCC_NO_COMMON_BLOCKS = YES;
				GCC_WARN_64_TO_32_BIT_CONVERSION = YES;
				GCC_WARN_ABOUT_RETURN_TYPE = YES_ERROR;
				GCC_WARN_UNDECLARED_SELECTOR = YES;
				GCC_WARN_UNINITIALIZED_AUTOS = YES_AGGRESSIVE;
				GCC_WARN_UNUSED_FUNCTION = YES;
				GCC_WARN_UNUSED_VARIABLE = YES;
				IPHONEOS_DEPLOYMENT_TARGET = 13.1;
				MTL_ENABLE_DEBUG_INFO = NO;
				MTL_FAST_MATH = YES;
				SDKROOT = iphoneos;
				SWIFT_COMPILATION_MODE = wholemodule;
				SWIFT_OPTIMIZATION_LEVEL = "-O";
				VALIDATE_PRODUCT = YES;
			};
			name = Release;
		};
		4664ED23237EEB8000A664AB /* Debug */ = {
			isa = XCBuildConfiguration;
			baseConfigurationReference = 505F758EF67EE4C0179B8F03 /* Pods-TestApp.debug.xcconfig */;
			buildSettings = {
				ASSETCATALOG_COMPILER_APPICON_NAME = AppIcon;
				CODE_SIGN_STYLE = Automatic;
				DEVELOPMENT_TEAM = J56D32A25J;
				INFOPLIST_FILE = TestApp/Info.plist;
				IPHONEOS_DEPLOYMENT_TARGET = 12.0;
				LD_RUNPATH_SEARCH_PATHS = (
					"$(inherited)",
					"@executable_path/Frameworks",
				);
				PRODUCT_BUNDLE_IDENTIFIER = com.domain.TestApp;
				PRODUCT_NAME = "$(TARGET_NAME)";
				SWIFT_VERSION = 5.0;
				TARGETED_DEVICE_FAMILY = 1;
			};
			name = Debug;
		};
		4664ED24237EEB8000A664AB /* Release */ = {
			isa = XCBuildConfiguration;
			baseConfigurationReference = 8DC5793763635FE0E810BA28 /* Pods-TestApp.release.xcconfig */;
			buildSettings = {
				ASSETCATALOG_COMPILER_APPICON_NAME = AppIcon;
				CODE_SIGN_STYLE = Automatic;
				DEVELOPMENT_TEAM = J56D32A25J;
				INFOPLIST_FILE = TestApp/Info.plist;
				IPHONEOS_DEPLOYMENT_TARGET = 12.0;
				LD_RUNPATH_SEARCH_PATHS = (
					"$(inherited)",
					"@executable_path/Frameworks",
				);
				PRODUCT_BUNDLE_IDENTIFIER = com.domain.TestApp;
				PRODUCT_NAME = "$(TARGET_NAME)";
				SWIFT_VERSION = 5.0;
				TARGETED_DEVICE_FAMILY = 1;
			};
			name = Release;
		};
		4664ED26237EEB8000A664AB /* Debug */ = {
			isa = XCBuildConfiguration;
			baseConfigurationReference = A7865999278B2D54813A290D /* Pods-TestAppTests.debug.xcconfig */;
			buildSettings = {
				ALWAYS_EMBED_SWIFT_STANDARD_LIBRARIES = YES;
				BUNDLE_LOADER = "$(TEST_HOST)";
				CODE_SIGN_STYLE = Automatic;
				INFOPLIST_FILE = TestAppTests/Info.plist;
				IPHONEOS_DEPLOYMENT_TARGET = 13.1;
				LD_RUNPATH_SEARCH_PATHS = (
					"$(inherited)",
					"@executable_path/Frameworks",
					"@loader_path/Frameworks",
				);
				PRODUCT_BUNDLE_IDENTIFIER = com.domain.TestAppTests;
				PRODUCT_NAME = "$(TARGET_NAME)";
				SWIFT_VERSION = 5.0;
				TARGETED_DEVICE_FAMILY = "1,2";
				TEST_HOST = "$(BUILT_PRODUCTS_DIR)/TestApp.app/TestApp";
			};
			name = Debug;
		};
		4664ED27237EEB8000A664AB /* Release */ = {
			isa = XCBuildConfiguration;
			baseConfigurationReference = 5F3F6130E075B26D647AA857 /* Pods-TestAppTests.release.xcconfig */;
			buildSettings = {
				ALWAYS_EMBED_SWIFT_STANDARD_LIBRARIES = YES;
				BUNDLE_LOADER = "$(TEST_HOST)";
				CODE_SIGN_STYLE = Automatic;
				INFOPLIST_FILE = TestAppTests/Info.plist;
				IPHONEOS_DEPLOYMENT_TARGET = 13.1;
				LD_RUNPATH_SEARCH_PATHS = (
					"$(inherited)",
					"@executable_path/Frameworks",
					"@loader_path/Frameworks",
				);
				PRODUCT_BUNDLE_IDENTIFIER = com.domain.TestAppTests;
				PRODUCT_NAME = "$(TARGET_NAME)";
				SWIFT_VERSION = 5.0;
				TARGETED_DEVICE_FAMILY = "1,2";
				TEST_HOST = "$(BUILT_PRODUCTS_DIR)/TestApp.app/TestApp";
			};
			name = Release;
		};
		4664ED29237EEB8000A664AB /* Debug */ = {
			isa = XCBuildConfiguration;
			baseConfigurationReference = 8F609BA30D340B91A96D81BD /* Pods-TestAppUITests.debug.xcconfig */;
			buildSettings = {
				ALWAYS_EMBED_SWIFT_STANDARD_LIBRARIES = YES;
				CODE_SIGN_STYLE = Automatic;
				INFOPLIST_FILE = TestAppUITests/Info.plist;
				LD_RUNPATH_SEARCH_PATHS = (
					"$(inherited)",
					"@executable_path/Frameworks",
					"@loader_path/Frameworks",
				);
				PRODUCT_BUNDLE_IDENTIFIER = com.domain.TestAppUITests;
				PRODUCT_NAME = "$(TARGET_NAME)";
				SWIFT_VERSION = 5.0;
				TARGETED_DEVICE_FAMILY = "1,2";
				TEST_TARGET_NAME = TestApp;
			};
			name = Debug;
		};
		4664ED2A237EEB8000A664AB /* Release */ = {
			isa = XCBuildConfiguration;
			baseConfigurationReference = 07E578DB79334AF7C276984F /* Pods-TestAppUITests.release.xcconfig */;
			buildSettings = {
				ALWAYS_EMBED_SWIFT_STANDARD_LIBRARIES = YES;
				CODE_SIGN_STYLE = Automatic;
				INFOPLIST_FILE = TestAppUITests/Info.plist;
				LD_RUNPATH_SEARCH_PATHS = (
					"$(inherited)",
					"@executable_path/Frameworks",
					"@loader_path/Frameworks",
				);
				PRODUCT_BUNDLE_IDENTIFIER = com.domain.TestAppUITests;
				PRODUCT_NAME = "$(TARGET_NAME)";
				SWIFT_VERSION = 5.0;
				TARGETED_DEVICE_FAMILY = "1,2";
				TEST_TARGET_NAME = TestApp;
			};
			name = Release;
		};
/* End XCBuildConfiguration section */

/* Begin XCConfigurationList section */
		4664ECF0237EEB7E00A664AB /* Build configuration list for PBXProject "TestApp" */ = {
			isa = XCConfigurationList;
			buildConfigurations = (
				4664ED20237EEB8000A664AB /* Debug */,
				4664ED21237EEB8000A664AB /* Release */,
			);
			defaultConfigurationIsVisible = 0;
			defaultConfigurationName = Release;
		};
		4664ED22237EEB8000A664AB /* Build configuration list for PBXNativeTarget "TestApp" */ = {
			isa = XCConfigurationList;
			buildConfigurations = (
				4664ED23237EEB8000A664AB /* Debug */,
				4664ED24237EEB8000A664AB /* Release */,
			);
			defaultConfigurationIsVisible = 0;
			defaultConfigurationName = Release;
		};
		4664ED25237EEB8000A664AB /* Build configuration list for PBXNativeTarget "TestAppTests" */ = {
			isa = XCConfigurationList;
			buildConfigurations = (
				4664ED26237EEB8000A664AB /* Debug */,
				4664ED27237EEB8000A664AB /* Release */,
			);
			defaultConfigurationIsVisible = 0;
			defaultConfigurationName = Release;
		};
		4664ED28237EEB8000A664AB /* Build configuration list for PBXNativeTarget "TestAppUITests" */ = {
			isa = XCConfigurationList;
			buildConfigurations = (
				4664ED29237EEB8000A664AB /* Debug */,
				4664ED2A237EEB8000A664AB /* Release */,
			);
			defaultConfigurationIsVisible = 0;
			defaultConfigurationName = Release;
		};
/* End XCConfigurationList section */

/* Begin XCVersionGroup section */
		4664ED01237EEB7E00A664AB /* TestApp.xcdatamodeld */ = {
			isa = XCVersionGroup;
			children = (
				4664ED02237EEB7E00A664AB /* TestApp.xcdatamodel */,
			);
			currentVersion = 4664ED02237EEB7E00A664AB /* TestApp.xcdatamodel */;
			path = TestApp.xcdatamodeld;
			sourceTree = "<group>";
			versionGroupType = wrapper.xcdatamodel;
		};
/* End XCVersionGroup section */
	};
	rootObject = 4664ECED237EEB7E00A664AB /* Project object */;
}
